
Microsoft Visual Studio Solution File, Format Version 12.00
# Visual Studio Version 17
VisualStudioVersion = 17.10.35122.118
MinimumVisualStudioVersion = 10.0.40219.1
Project("{8BC9CEB8-8B4A-11D0-8D11-00A0C91BC942}") = "Buas_Intake", "Buas_Intake.vcxproj", "{09C8658A-4E4A-4928-822F-965D82D9A1FC}"
EndProject
Global
	GlobalSection(SolutionConfigurationPlatforms) = preSolution
		Debug|x64 = Debug|x64
		Debug|x86 = Debug|x86
		Release|x64 = Release|x64
		Release|x86 = Release|x86
	EndGlobalSection
	GlobalSection(ProjectConfigurationPlatforms) = postSolution
		{09C8658A-4E4A-4928-822F-965D82D9A1FC}.Debug|x64.ActiveCfg = Debug|x64
		{09C8658A-4E4A-4928-822F-965D82D9A1FC}.Debug|x64.Build.0 = Debug|x64
		{09C8658A-4E4A-4928-822F-965D82D9A1FC}.Debug|x86.ActiveCfg = Debug|Win32
		{09C8658A-4E4A-4928-822F-965D82D9A1FC}.Debug|x86.Build.0 = Debug|Win32
		{09C8658A-4E4A-4928-822F-965D82D9A1FC}.Release|x64.ActiveCfg = Release|x64
		{09C8658A-4E4A-4928-822F-965D82D9A1FC}.Release|x64.Build.0 = Release|x64
		{09C8658A-4E4A-4928-822F-965D82D9A1FC}.Release|x86.ActiveCfg = Release|Win32
		{09C8658A-4E4A-4928-822F-965D82D9A1FC}.Release|x86.Build.0 = Release|Win32
	EndGlobalSection
	GlobalSection(SolutionProperties) = preSolution
		HideSolutionNode = FALSE
	EndGlobalSection
	GlobalSection(ExtensibilityGlobals) = postSolution
		SolutionGuid = {468858A4-6D0B-4A83-B083-E88F8054C18A}
	EndGlobalSection
EndGlobal
